github.com/boltdb/bolt v1.3.1 h1:JQmyP4ZBrce+ZQu0dY660FMfatumYDLun9hBCUVIkF4=
github.com/boltdb/bolt v1.3.1/go.mod h1:clJnj/oiGkjum5o1McbSZDSLxVThjynRyGBgiAx27Ps=
github.com/davecgh/go-spew v1.1.1 h1:vj9j/u1bqnvCEfJOwUhtlOARqs3+rkHYY13jYWTU97c=
github.com/davecgh/go-spew v1.1.1/go.mod h1:J7Y8YcW2NihsgmVo/mv3lAwl/skON4iLHjSsI+c5H38=
github.com/devplayg/eggcrate v1.0.1 h1:jBFzQOKMVRcak/SPMHwwiIMq8Qrdc1bEYivGW0tXpfo=
github.com/devplayg/eggcrate v1.0.1/go.mod h1:23+NELeqZ2XuiEPddo2Ai/2S+5BkY14Uaouve+UWcjo=
github.com/devplayg/golibs v0.0.0-20200119030621-c4991ee64874 h1:My/bfaGuxhtpOCME7BB+yjp7P5a3mCUbFysD1j9sPYw=
github.com/devplayg/golibs v0.0.0-20200119030621-c4991ee64874/go.mod h1:p19GYG66zAbBVeOXaTRgG+cnleKrvspfQ9AP2aFDR5o=
github.com/devplayg/golibs v0.0.0-20200119111559-5e859ad6b51d h1:uq44wdI6s178I8vI0MKaas3WYRexrEC8c0x6/ZA8Hww=
github.com/devplayg/golibs v0.0.0-20200119111559-5e859ad6b51d/go.mod h1:p19GYG66zAbBVeOXaTRgG+cnleKrvspfQ9AP2aFDR5o=
github.com/devplayg/himma v0.0.0-20200119020525-aeadc802e4a8 h1:G0LFxDyRYhafmozcjJLi/mtf3Ln159t5d5giR2oImCw=
github.com/devplayg/himma v0.0.0-20200119020525-aeadc802e4a8/go.mod h1:Du8M2nG/oalVhcOB1JzIesJoeOiURK69LsT60pGZHTg=
github.com/dustin/go-humanize v1.0.0 h1:VSnTsYCnlFHaM2/igO1h6X3HA71jcobQuxemgkq4zYo=
github.com/dustin/go-humanize v1.0.0/go.mod h1:HtrtbFcZ19U5GC7JDqmcUSB87Iq5E25KnS6fMYU6eOk=
github.com/gorilla/mux v1.7.3 h1:gnP5JzjVOuiZD07fKKToCAOjS0yOpj/qPETTXCCS6hw=
github.com/gorilla/mux v1.7.3/go.mod h1:1lud6UwP+6orDFRuTfBEV8e9/aOM/c4fVVCaMa2zaAs=
github.com/konsorten/go-windows-terminal-sequences v1.0.1 h1:mweAR1A6xJ3oS2pRaGiHgQ4OO8tzTaLawm8vnODuwDk=
github.com/konsorten/go-windows-terminal-sequences v1.0.1/go.mod h1:T0+1ngSBFLxvqU3pZ+m/2kptfBszLMUkC4ZK/EgS/cQ=
github.com/minio/highwayhash v1.0.0 h1:iMSDhgUILCr0TNm8LWlSjF8N0ZIj2qbO8WHp6Q/J2BA=
github.com/minio/highwayhash v1.0.0/go.mod h1:xQboMTeM9nY9v/LlAOxFctujiv5+Aq2hR5dxBpaMbdc=
github.com/pmezard/go-difflib v1.0.0 h1:4DBwDE0NGyQoBHbLQYPwSUPoCMWR5BEzIk/f1lZbAQM=
github.com/pmezard/go-difflib v1.0.0/go.mod h1:iKH77koFhYxTK1pcRnkKkqfTogsbg7gZNVY4sRDYZ/4=
github.com/sirupsen/logrus v1.4.2 h1:SPIRibHv4MatM3XXNO2BJeFLZwZ2LvZgfQ5+UNI2im4=
github.com/sirupsen/logrus v1.4.2/go.mod h1:tLMulIdttU9McNUspp0xgXVQah82FyeX6MwdIuYE2rE=
github.com/spf13/pflag v1.0.5 h1:iy+VFUOCP1a+8yFto/drg2CJ5u0yRoB7fZw3DKv/JXA=
github.com/spf13/pflag v1.0.5/go.mod h1:McXfInJRrz4CZXVZOBLb0bTZqETkiAhM9Iw0y3An2Bg=
github.com/stretchr/objx v0.1.1/go.mod h1:HFkY916IF+rwdDfMAkV7OtwuqBVzrE8GR6GFx+wExME=
github.com/stretchr/testify v1.2.2 h1:bSDNvY7ZPG5RlJ8otE/7V6gMiyenm9RtJ7IUVIAoJ1w=
github.com/stretchr/testify v1.2.2/go.mod h1:a8OnRcib4nhh0OaRAV+Yts87kKdq0PP7pXfy6kDkUVs=
golang.org/x/sys v0.0.0-20190130150945-aca44879d564/go.mod h1:STP8DvDyc/dI5b8T5hshtkjS+E42TnysNCUPdjciGhY=
golang.org/x/sys v0.0.0-20190422165155-953cdadca894 h1:Cz4ceDQGXuKRnVBDTS23GTn/pU5OE2C0WrNTOYK1Uuc=
golang.org/x/sys v0.0.0-20190422165155-953cdadca894/go.mod h1:h1NjWce9XRLGQEsW7wpKNCjG9DtNlClVuFLEZdDNbEs=
